
Microsoft Visual Studio Solution File, Format Version 12.00
# Visual Studio Version 17
VisualStudioVersion = 17.4.33213.308
MinimumVisualStudioVersion = 10.0.40219.1
Project("{9A19103F-16F7-4668-BE54-9A1E7A4F7556}") = "SinaraApi", "SinaraApi\SinaraApi.csproj", "{85CEDA25-A650-4053-B85E-B3FC38293F46}"
EndProject
Project("{9A19103F-16F7-4668-BE54-9A1E7A4F7556}") = "SinaraLib", "SinaraLib\SinaraLib.csproj", "{E2007DA4-BF04-4E58-A7E5-D1B0C9F1022F}"
EndProject
Project("{FAE04EC0-301F-11D3-BF4B-00C04F79EFBC}") = "SinaraUi", "SinaraUi\SinaraUi.csproj", "{C6A33724-3496-4808-A917-04852B2F2A8F}"
EndProject
Global
	GlobalSection(SolutionConfigurationPlatforms) = preSolution
		Debug|Any CPU = Debug|Any CPU
		Release|Any CPU = Release|Any CPU
	EndGlobalSection
	GlobalSection(ProjectConfigurationPlatforms) = postSolution
		{85CEDA25-A650-4053-B85E-B3FC38293F46}.Debug|Any CPU.ActiveCfg = Debug|Any CPU
		{85CEDA25-A650-4053-B85E-B3FC38293F46}.Debug|Any CPU.Build.0 = Debug|Any CPU
		{85CEDA25-A650-4053-B85E-B3FC38293F46}.Release|Any CPU.ActiveCfg = Release|Any CPU
		{85CEDA25-A650-4053-B85E-B3FC38293F46}.Release|Any CPU.Build.0 = Release|Any CPU
		{E2007DA4-BF04-4E58-A7E5-D1B0C9F1022F}.Debug|Any CPU.ActiveCfg = Debug|Any CPU
		{E2007DA4-BF04-4E58-A7E5-D1B0C9F1022F}.Debug|Any CPU.Build.0 = Debug|Any CPU
		{E2007DA4-BF04-4E58-A7E5-D1B0C9F1022F}.Release|Any CPU.ActiveCfg = Release|Any CPU
		{E2007DA4-BF04-4E58-A7E5-D1B0C9F1022F}.Release|Any CPU.Build.0 = Release|Any CPU
		{C6A33724-3496-4808-A917-04852B2F2A8F}.Debug|Any CPU.ActiveCfg = Debug|Any CPU
		{C6A33724-3496-4808-A917-04852B2F2A8F}.Debug|Any CPU.Build.0 = Debug|Any CPU
		{C6A33724-3496-4808-A917-04852B2F2A8F}.Release|Any CPU.ActiveCfg = Release|Any CPU
		{C6A33724-3496-4808-A917-04852B2F2A8F}.Release|Any CPU.Build.0 = Release|Any CPU
	EndGlobalSection
	GlobalSection(SolutionProperties) = preSolution
		HideSolutionNode = FALSE
	EndGlobalSection
	GlobalSection(ExtensibilityGlobals) = postSolution
		SolutionGuid = {C0DA3CE6-94B1-43D5-B04A-6FD1C471B0F8}
	EndGlobalSection
EndGlobal
